
Microsoft Visual Studio Solution File, Format Version 11.00
# Visual Studio 2010
Project("{FAE04EC0-301F-11D3-BF4B-00C04F79EFBC}") = "Assembly-CSharp", "Assembly-CSharp.csproj", "{59e389d3-f7b2-7e8a-8e95-2633a951b63a}"
EndProject
Project("{FAE04EC0-301F-11D3-BF4B-00C04F79EFBC}") = "CFXRDemo", "CFXRDemo.csproj", "{77c64277-53ca-a4e0-118e-99d62f2f33c9}"
EndProject
Project("{FAE04EC0-301F-11D3-BF4B-00C04F79EFBC}") = "MK.Toon.Examples", "MK.Toon.Examples.csproj", "{6e4c49c8-23db-4cae-0af7-a56d84ad3435}"
EndProject
Project("{FAE04EC0-301F-11D3-BF4B-00C04F79EFBC}") = "CFXRRuntime", "CFXRRuntime.csproj", "{da4da4ba-1c78-82bc-cfd1-0d04ced3d2c2}"
EndProject
Project("{FAE04EC0-301F-11D3-BF4B-00C04F79EFBC}") = "MK.Toon", "MK.Toon.csproj", "{4cd57ac2-a6ed-4e39-7844-348adce54b69}"
EndProject
Project("{FAE04EC0-301F-11D3-BF4B-00C04F79EFBC}") = "KinoBloom.Runtime", "KinoBloom.Runtime.csproj", "{f7cfbdc1-e9e7-ed9d-a779-5fd92ee97ea7}"
EndProject
Project("{FAE04EC0-301F-11D3-BF4B-00C04F79EFBC}") = "MK.Toon.Editor", "MK.Toon.Editor.csproj", "{d2b369e9-7f3e-933b-b469-365b67f8dccb}"
EndProject
Project("{FAE04EC0-301F-11D3-BF4B-00C04F79EFBC}") = "CFXREditor", "CFXREditor.csproj", "{e60e4ff8-c80e-058f-370b-1fdf6d890e4b}"
EndProject
Project("{FAE04EC0-301F-11D3-BF4B-00C04F79EFBC}") = "Assembly-CSharp-Editor", "Assembly-CSharp-Editor.csproj", "{0b389621-a5fd-0902-7615-e8b77d3c4659}"
EndProject
Project("{FAE04EC0-301F-11D3-BF4B-00C04F79EFBC}") = "MK.RampCreator", "MK.RampCreator.csproj", "{d44711fb-482f-7fd4-3d06-c415393dd59e}"
EndProject
Project("{FAE04EC0-301F-11D3-BF4B-00C04F79EFBC}") = "ToonyColorsPro.Demo.Editor", "ToonyColorsPro.Demo.Editor.csproj", "{a7f761e8-769e-e92d-a7ee-a3ae441ad2b0}"
EndProject
Project("{FAE04EC0-301F-11D3-BF4B-00C04F79EFBC}") = "CFXR.WelcomeScreen", "CFXR.WelcomeScreen.csproj", "{ad6a0eb1-890a-deed-5d08-40c833e96062}"
EndProject
Project("{FAE04EC0-301F-11D3-BF4B-00C04F79EFBC}") = "MK.MKTextureChannelPacker", "MK.MKTextureChannelPacker.csproj", "{1c857812-72ae-8f7c-b08e-7553c5142e0e}"
EndProject
Project("{FAE04EC0-301F-11D3-BF4B-00C04F79EFBC}") = "MK.MeshUtility", "MK.MeshUtility.csproj", "{840fa75e-1fe8-f8b6-6082-8dc83d9fd94f}"
EndProject
Global
	GlobalSection(SolutionConfigurationPlatforms) = preSolution
		Debug|Any CPU = Debug|Any CPU
	EndGlobalSection
	GlobalSection(ProjectConfigurationPlatforms) = postSolution
		{59e389d3-f7b2-7e8a-8e95-2633a951b63a}.Debug|Any CPU.ActiveCfg = Debug|Any CPU
		{59e389d3-f7b2-7e8a-8e95-2633a951b63a}.Debug|Any CPU.Build.0 = Debug|Any CPU
		{77c64277-53ca-a4e0-118e-99d62f2f33c9}.Debug|Any CPU.ActiveCfg = Debug|Any CPU
		{77c64277-53ca-a4e0-118e-99d62f2f33c9}.Debug|Any CPU.Build.0 = Debug|Any CPU
		{6e4c49c8-23db-4cae-0af7-a56d84ad3435}.Debug|Any CPU.ActiveCfg = Debug|Any CPU
		{6e4c49c8-23db-4cae-0af7-a56d84ad3435}.Debug|Any CPU.Build.0 = Debug|Any CPU
		{da4da4ba-1c78-82bc-cfd1-0d04ced3d2c2}.Debug|Any CPU.ActiveCfg = Debug|Any CPU
		{da4da4ba-1c78-82bc-cfd1-0d04ced3d2c2}.Debug|Any CPU.Build.0 = Debug|Any CPU
		{4cd57ac2-a6ed-4e39-7844-348adce54b69}.Debug|Any CPU.ActiveCfg = Debug|Any CPU
		{4cd57ac2-a6ed-4e39-7844-348adce54b69}.Debug|Any CPU.Build.0 = Debug|Any CPU
		{f7cfbdc1-e9e7-ed9d-a779-5fd92ee97ea7}.Debug|Any CPU.ActiveCfg = Debug|Any CPU
		{f7cfbdc1-e9e7-ed9d-a779-5fd92ee97ea7}.Debug|Any CPU.Build.0 = Debug|Any CPU
		{d2b369e9-7f3e-933b-b469-365b67f8dccb}.Debug|Any CPU.ActiveCfg = Debug|Any CPU
		{d2b369e9-7f3e-933b-b469-365b67f8dccb}.Debug|Any CPU.Build.0 = Debug|Any CPU
		{e60e4ff8-c80e-058f-370b-1fdf6d890e4b}.Debug|Any CPU.ActiveCfg = Debug|Any CPU
		{e60e4ff8-c80e-058f-370b-1fdf6d890e4b}.Debug|Any CPU.Build.0 = Debug|Any CPU
		{0b389621-a5fd-0902-7615-e8b77d3c4659}.Debug|Any CPU.ActiveCfg = Debug|Any CPU
		{0b389621-a5fd-0902-7615-e8b77d3c4659}.Debug|Any CPU.Build.0 = Debug|Any CPU
		{d44711fb-482f-7fd4-3d06-c415393dd59e}.Debug|Any CPU.ActiveCfg = Debug|Any CPU
		{d44711fb-482f-7fd4-3d06-c415393dd59e}.Debug|Any CPU.Build.0 = Debug|Any CPU
		{a7f761e8-769e-e92d-a7ee-a3ae441ad2b0}.Debug|Any CPU.ActiveCfg = Debug|Any CPU
		{a7f761e8-769e-e92d-a7ee-a3ae441ad2b0}.Debug|Any CPU.Build.0 = Debug|Any CPU
		{ad6a0eb1-890a-deed-5d08-40c833e96062}.Debug|Any CPU.ActiveCfg = Debug|Any CPU
		{ad6a0eb1-890a-deed-5d08-40c833e96062}.Debug|Any CPU.Build.0 = Debug|Any CPU
		{1c857812-72ae-8f7c-b08e-7553c5142e0e}.Debug|Any CPU.ActiveCfg = Debug|Any CPU
		{1c857812-72ae-8f7c-b08e-7553c5142e0e}.Debug|Any CPU.Build.0 = Debug|Any CPU
		{840fa75e-1fe8-f8b6-6082-8dc83d9fd94f}.Debug|Any CPU.ActiveCfg = Debug|Any CPU
		{840fa75e-1fe8-f8b6-6082-8dc83d9fd94f}.Debug|Any CPU.Build.0 = Debug|Any CPU
	EndGlobalSection
	GlobalSection(SolutionProperties) = preSolution
		HideSolutionNode = FALSE
	EndGlobalSection
EndGlobal
