
Microsoft Visual Studio Solution File, Format Version 12.00
# Visual Studio 15
Project("{FAE04EC0-301F-11D3-BF4B-00C04F79EFBC}") = "MK.Toon", "MK.Toon.csproj", "{C27AD54C-EDA6-394E-7844-348ADCE54B69}"
EndProject
Project("{FAE04EC0-301F-11D3-BF4B-00C04F79EFBC}") = "Assembly-CSharp", "Assembly-CSharp.csproj", "{D389E359-B2F7-8A7E-8E95-2633A951B63A}"
EndProject
Project("{FAE04EC0-301F-11D3-BF4B-00C04F79EFBC}") = "CFXRDemo", "CFXRDemo.csproj", "{7742C677-CA53-E0A4-118E-99D62F2F33C9}"
EndProject
Project("{FAE04EC0-301F-11D3-BF4B-00C04F79EFBC}") = "MK.Toon.Examples", "MK.Toon.Examples.csproj", "{C8494C6E-DB23-AE4C-0AF7-A56D84AD3435}"
EndProject
Project("{FAE04EC0-301F-11D3-BF4B-00C04F79EFBC}") = "CFXRRuntime", "CFXRRuntime.csproj", "{BAA44DDA-781C-BC82-CFD1-0D04CED3D2C2}"
EndProject
Project("{FAE04EC0-301F-11D3-BF4B-00C04F79EFBC}") = "KinoBloom.Runtime", "KinoBloom.Runtime.csproj", "{C1BDCFF7-E7E9-9DED-A779-5FD92EE97EA7}"
EndProject
Project("{FAE04EC0-301F-11D3-BF4B-00C04F79EFBC}") = "MK.Toon.Editor", "MK.Toon.Editor.csproj", "{E969B3D2-3E7F-3B93-B469-365B67F8DCCB}"
EndProject
Project("{FAE04EC0-301F-11D3-BF4B-00C04F79EFBC}") = "Assembly-CSharp-Editor", "Assembly-CSharp-Editor.csproj", "{2196380B-FDA5-0209-7615-E8B77D3C4659}"
EndProject
Project("{FAE04EC0-301F-11D3-BF4B-00C04F79EFBC}") = "CFXREditor", "CFXREditor.csproj", "{F84F0EE6-0EC8-8F05-370B-1FDF6D890E4B}"
EndProject
Project("{FAE04EC0-301F-11D3-BF4B-00C04F79EFBC}") = "MK.RampCreator", "MK.RampCreator.csproj", "{FB1147D4-2F48-D47F-3D06-C415393DD59E}"
EndProject
Project("{FAE04EC0-301F-11D3-BF4B-00C04F79EFBC}") = "CFXR.WelcomeScreen", "CFXR.WelcomeScreen.csproj", "{B10E6AAD-0A89-EDDE-5D08-40C833E96062}"
EndProject
Project("{FAE04EC0-301F-11D3-BF4B-00C04F79EFBC}") = "MK.MKTextureChannelPacker", "MK.MKTextureChannelPacker.csproj", "{1278851C-AE72-7C8F-B08E-7553C5142E0E}"
EndProject
Project("{FAE04EC0-301F-11D3-BF4B-00C04F79EFBC}") = "ToonyColorsPro.Demo.Editor", "ToonyColorsPro.Demo.Editor.csproj", "{E861F7A7-9E76-2DE9-A7EE-A3AE441AD2B0}"
EndProject
Project("{FAE04EC0-301F-11D3-BF4B-00C04F79EFBC}") = "MK.MeshUtility", "MK.MeshUtility.csproj", "{5EA70F84-E81F-B6F8-6082-8DC83D9FD94F}"
EndProject
Global
	GlobalSection(SolutionConfigurationPlatforms) = preSolution
		Debug|Any CPU = Debug|Any CPU
		Release|Any CPU = Release|Any CPU
	EndGlobalSection
	GlobalSection(ProjectConfigurationPlatforms) = postSolution
		{C27AD54C-EDA6-394E-7844-348ADCE54B69}.Debug|Any CPU.ActiveCfg = Debug|Any CPU
		{C27AD54C-EDA6-394E-7844-348ADCE54B69}.Debug|Any CPU.Build.0 = Debug|Any CPU
		{C27AD54C-EDA6-394E-7844-348ADCE54B69}.Release|Any CPU.ActiveCfg = Release|Any CPU
		{C27AD54C-EDA6-394E-7844-348ADCE54B69}.Release|Any CPU.Build.0 = Release|Any CPU
		{D389E359-B2F7-8A7E-8E95-2633A951B63A}.Debug|Any CPU.ActiveCfg = Debug|Any CPU
		{D389E359-B2F7-8A7E-8E95-2633A951B63A}.Debug|Any CPU.Build.0 = Debug|Any CPU
		{D389E359-B2F7-8A7E-8E95-2633A951B63A}.Release|Any CPU.ActiveCfg = Release|Any CPU
		{D389E359-B2F7-8A7E-8E95-2633A951B63A}.Release|Any CPU.Build.0 = Release|Any CPU
		{7742C677-CA53-E0A4-118E-99D62F2F33C9}.Debug|Any CPU.ActiveCfg = Debug|Any CPU
		{7742C677-CA53-E0A4-118E-99D62F2F33C9}.Debug|Any CPU.Build.0 = Debug|Any CPU
		{7742C677-CA53-E0A4-118E-99D62F2F33C9}.Release|Any CPU.ActiveCfg = Release|Any CPU
		{7742C677-CA53-E0A4-118E-99D62F2F33C9}.Release|Any CPU.Build.0 = Release|Any CPU
		{C8494C6E-DB23-AE4C-0AF7-A56D84AD3435}.Debug|Any CPU.ActiveCfg = Debug|Any CPU
		{C8494C6E-DB23-AE4C-0AF7-A56D84AD3435}.Debug|Any CPU.Build.0 = Debug|Any CPU
		{C8494C6E-DB23-AE4C-0AF7-A56D84AD3435}.Release|Any CPU.ActiveCfg = Release|Any CPU
		{C8494C6E-DB23-AE4C-0AF7-A56D84AD3435}.Release|Any CPU.Build.0 = Release|Any CPU
		{BAA44DDA-781C-BC82-CFD1-0D04CED3D2C2}.Debug|Any CPU.ActiveCfg = Debug|Any CPU
		{BAA44DDA-781C-BC82-CFD1-0D04CED3D2C2}.Debug|Any CPU.Build.0 = Debug|Any CPU
		{BAA44DDA-781C-BC82-CFD1-0D04CED3D2C2}.Release|Any CPU.ActiveCfg = Release|Any CPU
		{BAA44DDA-781C-BC82-CFD1-0D04CED3D2C2}.Release|Any CPU.Build.0 = Release|Any CPU
		{C1BDCFF7-E7E9-9DED-A779-5FD92EE97EA7}.Debug|Any CPU.ActiveCfg = Debug|Any CPU
		{C1BDCFF7-E7E9-9DED-A779-5FD92EE97EA7}.Debug|Any CPU.Build.0 = Debug|Any CPU
		{C1BDCFF7-E7E9-9DED-A779-5FD92EE97EA7}.Release|Any CPU.ActiveCfg = Release|Any CPU
		{C1BDCFF7-E7E9-9DED-A779-5FD92EE97EA7}.Release|Any CPU.Build.0 = Release|Any CPU
		{E969B3D2-3E7F-3B93-B469-365B67F8DCCB}.Debug|Any CPU.ActiveCfg = Debug|Any CPU
		{E969B3D2-3E7F-3B93-B469-365B67F8DCCB}.Debug|Any CPU.Build.0 = Debug|Any CPU
		{E969B3D2-3E7F-3B93-B469-365B67F8DCCB}.Release|Any CPU.ActiveCfg = Release|Any CPU
		{E969B3D2-3E7F-3B93-B469-365B67F8DCCB}.Release|Any CPU.Build.0 = Release|Any CPU
		{2196380B-FDA5-0209-7615-E8B77D3C4659}.Debug|Any CPU.ActiveCfg = Debug|Any CPU
		{2196380B-FDA5-0209-7615-E8B77D3C4659}.Debug|Any CPU.Build.0 = Debug|Any CPU
		{2196380B-FDA5-0209-7615-E8B77D3C4659}.Release|Any CPU.ActiveCfg = Release|Any CPU
		{2196380B-FDA5-0209-7615-E8B77D3C4659}.Release|Any CPU.Build.0 = Release|Any CPU
		{F84F0EE6-0EC8-8F05-370B-1FDF6D890E4B}.Debug|Any CPU.ActiveCfg = Debug|Any CPU
		{F84F0EE6-0EC8-8F05-370B-1FDF6D890E4B}.Debug|Any CPU.Build.0 = Debug|Any CPU
		{F84F0EE6-0EC8-8F05-370B-1FDF6D890E4B}.Release|Any CPU.ActiveCfg = Release|Any CPU
		{F84F0EE6-0EC8-8F05-370B-1FDF6D890E4B}.Release|Any CPU.Build.0 = Release|Any CPU
		{FB1147D4-2F48-D47F-3D06-C415393DD59E}.Debug|Any CPU.ActiveCfg = Debug|Any CPU
		{FB1147D4-2F48-D47F-3D06-C415393DD59E}.Debug|Any CPU.Build.0 = Debug|Any CPU
		{FB1147D4-2F48-D47F-3D06-C415393DD59E}.Release|Any CPU.ActiveCfg = Release|Any CPU
		{FB1147D4-2F48-D47F-3D06-C415393DD59E}.Release|Any CPU.Build.0 = Release|Any CPU
		{B10E6AAD-0A89-EDDE-5D08-40C833E96062}.Debug|Any CPU.ActiveCfg = Debug|Any CPU
		{B10E6AAD-0A89-EDDE-5D08-40C833E96062}.Debug|Any CPU.Build.0 = Debug|Any CPU
		{B10E6AAD-0A89-EDDE-5D08-40C833E96062}.Release|Any CPU.ActiveCfg = Release|Any CPU
		{B10E6AAD-0A89-EDDE-5D08-40C833E96062}.Release|Any CPU.Build.0 = Release|Any CPU
		{1278851C-AE72-7C8F-B08E-7553C5142E0E}.Debug|Any CPU.ActiveCfg = Debug|Any CPU
		{1278851C-AE72-7C8F-B08E-7553C5142E0E}.Debug|Any CPU.Build.0 = Debug|Any CPU
		{1278851C-AE72-7C8F-B08E-7553C5142E0E}.Release|Any CPU.ActiveCfg = Release|Any CPU
		{1278851C-AE72-7C8F-B08E-7553C5142E0E}.Release|Any CPU.Build.0 = Release|Any CPU
		{E861F7A7-9E76-2DE9-A7EE-A3AE441AD2B0}.Debug|Any CPU.ActiveCfg = Debug|Any CPU
		{E861F7A7-9E76-2DE9-A7EE-A3AE441AD2B0}.Debug|Any CPU.Build.0 = Debug|Any CPU
		{E861F7A7-9E76-2DE9-A7EE-A3AE441AD2B0}.Release|Any CPU.ActiveCfg = Release|Any CPU
		{E861F7A7-9E76-2DE9-A7EE-A3AE441AD2B0}.Release|Any CPU.Build.0 = Release|Any CPU
		{5EA70F84-E81F-B6F8-6082-8DC83D9FD94F}.Debug|Any CPU.ActiveCfg = Debug|Any CPU
		{5EA70F84-E81F-B6F8-6082-8DC83D9FD94F}.Debug|Any CPU.Build.0 = Debug|Any CPU
		{5EA70F84-E81F-B6F8-6082-8DC83D9FD94F}.Release|Any CPU.ActiveCfg = Release|Any CPU
		{5EA70F84-E81F-B6F8-6082-8DC83D9FD94F}.Release|Any CPU.Build.0 = Release|Any CPU
	EndGlobalSection
	GlobalSection(SolutionProperties) = preSolution
		HideSolutionNode = FALSE
	EndGlobalSection
EndGlobal
